
Microsoft Visual Studio Solution File, Format Version 12.00
# Visual Studio 15
VisualStudioVersion = 15.0.27703.2042
MinimumVisualStudioVersion = 10.0.40219.1
Project("{FAE04EC0-301F-11D3-BF4B-00C04F79EFBC}") = "Cshop1.1", "Cshop1.1\Cshop1.1.csproj", "{B2F39F2B-664F-4FC5-AE03-065384E3912F}"
EndProject
Global
	GlobalSection(SolutionConfigurationPlatforms) = preSolution
		Debug|Any CPU = Debug|Any CPU
		Release|Any CPU = Release|Any CPU
	EndGlobalSection
	GlobalSection(ProjectConfigurationPlatforms) = postSolution
		{B2F39F2B-664F-4FC5-AE03-065384E3912F}.Debug|Any CPU.ActiveCfg = Debug|Any CPU
		{B2F39F2B-664F-4FC5-AE03-065384E3912F}.Debug|Any CPU.Build.0 = Debug|Any CPU
		{B2F39F2B-664F-4FC5-AE03-065384E3912F}.Release|Any CPU.ActiveCfg = Release|Any CPU
		{B2F39F2B-664F-4FC5-AE03-065384E3912F}.Release|Any CPU.Build.0 = Release|Any CPU
	EndGlobalSection
	GlobalSection(SolutionProperties) = preSolution
		HideSolutionNode = FALSE
	EndGlobalSection
	GlobalSection(ExtensibilityGlobals) = postSolution
		SolutionGuid = {86D94429-2574-4AA1-90C9-B2A75E6B9D0A}
	EndGlobalSection
EndGlobal
